
Microsoft Visual Studio Solution File, Format Version 12.00
# Visual Studio Version 16
VisualStudioVersion = 16.0.30611.23
MinimumVisualStudioVersion = 10.0.40219.1
Project("{FAE04EC0-301F-11D3-BF4B-00C04F79EFBC}") = "Entities_POJO", "Entities_POJO\Entities_POJO.csproj", "{89065F02-8925-4DC5-BF57-E2F023A7C037}"
EndProject
Project("{FAE04EC0-301F-11D3-BF4B-00C04F79EFBC}") = "DataAccess", "DataAccess\DataAccess.csproj", "{65F4FF06-2D21-4F0F-96EF-60EC0F55591F}"
EndProject
Global
	GlobalSection(SolutionConfigurationPlatforms) = preSolution
		Debug|Any CPU = Debug|Any CPU
		Release|Any CPU = Release|Any CPU
	EndGlobalSection
	GlobalSection(ProjectConfigurationPlatforms) = postSolution
		{89065F02-8925-4DC5-BF57-E2F023A7C037}.Debug|Any CPU.ActiveCfg = Debug|Any CPU
		{89065F02-8925-4DC5-BF57-E2F023A7C037}.Debug|Any CPU.Build.0 = Debug|Any CPU
		{89065F02-8925-4DC5-BF57-E2F023A7C037}.Release|Any CPU.ActiveCfg = Release|Any CPU
		{89065F02-8925-4DC5-BF57-E2F023A7C037}.Release|Any CPU.Build.0 = Release|Any CPU
		{65F4FF06-2D21-4F0F-96EF-60EC0F55591F}.Debug|Any CPU.ActiveCfg = Debug|Any CPU
		{65F4FF06-2D21-4F0F-96EF-60EC0F55591F}.Debug|Any CPU.Build.0 = Debug|Any CPU
		{65F4FF06-2D21-4F0F-96EF-60EC0F55591F}.Release|Any CPU.ActiveCfg = Release|Any CPU
		{65F4FF06-2D21-4F0F-96EF-60EC0F55591F}.Release|Any CPU.Build.0 = Release|Any CPU
	EndGlobalSection
	GlobalSection(SolutionProperties) = preSolution
		HideSolutionNode = FALSE
	EndGlobalSection
	GlobalSection(ExtensibilityGlobals) = postSolution
		SolutionGuid = {80E710EC-21CA-48B9-BD9D-1E48DE900985}
	EndGlobalSection
EndGlobal
